// !$*UTF8*$!
{
	archiveVersion = 1;
	classes = {
	};
	objectVersion = 46;
	objects = {

/* Begin PBXBuildFile section */
		A214CA4B1C0DBCCF00DD7F51 /* AlbumTableView.m in Sources */ = {isa = PBXBuildFile; fileRef = A214CA491C0DBCCF00DD7F51 /* AlbumTableView.m */; };
		A214CA4E1C0DBD9A00DD7F51 /* AlbumTableViewSongCell.m in Sources */ = {isa = PBXBuildFile; fileRef = A214CA4D1C0DBD9A00DD7F51 /* AlbumTableViewSongCell.m */; };
		A214CA501C0DBDAA00DD7F51 /* AlbumTableViewSongCell.xib in Resources */ = {isa = PBXBuildFile; fileRef = A214CA4F1C0DBDAA00DD7F51 /* AlbumTableViewSongCell.xib */; };
		A254BBB61C0C61AD006AB8D9 /* MusicDataView.m in Sources */ = {isa = PBXBuildFile; fileRef = A254BBB51C0C61AD006AB8D9 /* MusicDataView.m */; };
		A254BBB91C0C6282006AB8D9 /* OperationButtonsView.m in Sources */ = {isa = PBXBuildFile; fileRef = A254BBB81C0C6282006AB8D9 /* OperationButtonsView.m */; };
		A254BBBC1C0C7282006AB8D9 /* SettingViewController.m in Sources */ = {isa = PBXBuildFile; fileRef = A254BBBB1C0C7282006AB8D9 /* SettingViewController.m */; };
		A29F58B61C08A18300233ADA /* main.m in Sources */ = {isa = PBXBuildFile; fileRef = A29F58B51C08A18300233ADA /* main.m */; };
		A29F58BF1C08A18300233ADA /* Main.storyboard in Resources */ = {isa = PBXBuildFile; fileRef = A29F58BD1C08A18300233ADA /* Main.storyboard */; };
		A29F58C41C08A18300233ADA /* LaunchScreen.storyboard in Resources */ = {isa = PBXBuildFile; fileRef = A29F58C21C08A18300233ADA /* LaunchScreen.storyboard */; };
		A29F58D31C08A20100233ADA /* AppDelegate.m in Sources */ = {isa = PBXBuildFile; fileRef = A29F58CD1C08A20100233ADA /* AppDelegate.m */; };
		A29F58D81C08A2AA00233ADA /* PlaybackViewController.m in Sources */ = {isa = PBXBuildFile; fileRef = A29F58D71C08A2AA00233ADA /* PlaybackViewController.m */; };
		A29F58DA1C08A59800233ADA /* Assets.xcassets in Resources */ = {isa = PBXBuildFile; fileRef = A29F58D91C08A59800233ADA /* Assets.xcassets */; };
		A2AE983D1C0F00AB0064FFEB /* SettingTableView.m in Sources */ = {isa = PBXBuildFile; fileRef = A2AE983C1C0F00AB0064FFEB /* SettingTableView.m */; };
		A2AE98411C0F01190064FFEB /* SettingTableViewTagCell.m in Sources */ = {isa = PBXBuildFile; fileRef = A2AE983F1C0F01190064FFEB /* SettingTableViewTagCell.m */; };
		A2AE98421C0F01190064FFEB /* SettingTableViewTagCell.xib in Resources */ = {isa = PBXBuildFile; fileRef = A2AE98401C0F01190064FFEB /* SettingTableViewTagCell.xib */; };
		A2AE98461C0F01300064FFEB /* SettingTableViewImageCell.m in Sources */ = {isa = PBXBuildFile; fileRef = A2AE98441C0F01300064FFEB /* SettingTableViewImageCell.m */; };
		A2AE98471C0F01300064FFEB /* SettingTableViewImageCell.xib in Resources */ = {isa = PBXBuildFile; fileRef = A2AE98451C0F01300064FFEB /* SettingTableViewImageCell.xib */; };
		A2AE984B1C0F01560064FFEB /* SettingTableViewProfileCell.m in Sources */ = {isa = PBXBuildFile; fileRef = A2AE98491C0F01560064FFEB /* SettingTableViewProfileCell.m */; };
		A2AE984C1C0F01560064FFEB /* SettingTableViewProfileCell.xib in Resources */ = {isa = PBXBuildFile; fileRef = A2AE984A1C0F01560064FFEB /* SettingTableViewProfileCell.xib */; };
		A2B8C5E61C0980CD0094F14C /* ModelLocator.m in Sources */ = {isa = PBXBuildFile; fileRef = A2B8C5E51C0980CD0094F14C /* ModelLocator.m */; };
		A2B8C5EB1C0981C00094F14C /* PlaybackViewModel.m in Sources */ = {isa = PBXBuildFile; fileRef = A2B8C5EA1C0981C00094F14C /* PlaybackViewModel.m */; };
		A2B8C5ED1C0982780094F14C /* MediaPlayer.framework in Frameworks */ = {isa = PBXBuildFile; fileRef = A2B8C5EC1C0982780094F14C /* MediaPlayer.framework */; };
		A2B8C5F01C0984940094F14C /* MusicDataEntity.m in Sources */ = {isa = PBXBuildFile; fileRef = A2B8C5EF1C0984940094F14C /* MusicDataEntity.m */; };
/* End PBXBuildFile section */

/* Begin PBXFileReference section */
		A214CA481C0DBCCF00DD7F51 /* AlbumTableView.h */ = {isa = PBXFileReference; fileEncoding = 4; lastKnownFileType = sourcecode.c.h; path = AlbumTableView.h; sourceTree = "<group>"; };
		A214CA491C0DBCCF00DD7F51 /* AlbumTableView.m */ = {isa = PBXFileReference; fileEncoding = 4; lastKnownFileType = sourcecode.c.objc; path = AlbumTableView.m; sourceTree = "<group>"; };
		A214CA4C1C0DBD9A00DD7F51 /* AlbumTableViewSongCell.h */ = {isa = PBXFileReference; fileEncoding = 4; lastKnownFileType = sourcecode.c.h; path = AlbumTableViewSongCell.h; sourceTree = "<group>"; };
		A214CA4D1C0DBD9A00DD7F51 /* AlbumTableViewSongCell.m */ = {isa = PBXFileReference; fileEncoding = 4; lastKnownFileType = sourcecode.c.objc; path = AlbumTableViewSongCell.m; sourceTree = "<group>"; };
		A214CA4F1C0DBDAA00DD7F51 /* AlbumTableViewSongCell.xib */ = {isa = PBXFileReference; fileEncoding = 4; lastKnownFileType = file.xib; path = AlbumTableViewSongCell.xib; sourceTree = "<group>"; };
		A254BBB41C0C61AD006AB8D9 /* MusicDataView.h */ = {isa = PBXFileReference; fileEncoding = 4; lastKnownFileType = sourcecode.c.h; path = MusicDataView.h; sourceTree = "<group>"; };
		A254BBB51C0C61AD006AB8D9 /* MusicDataView.m */ = {isa = PBXFileReference; fileEncoding = 4; lastKnownFileType = sourcecode.c.objc; path = MusicDataView.m; sourceTree = "<group>"; };
		A254BBB71C0C6282006AB8D9 /* OperationButtonsView.h */ = {isa = PBXFileReference; fileEncoding = 4; lastKnownFileType = sourcecode.c.h; path = OperationButtonsView.h; sourceTree = "<group>"; };
		A254BBB81C0C6282006AB8D9 /* OperationButtonsView.m */ = {isa = PBXFileReference; fileEncoding = 4; lastKnownFileType = sourcecode.c.objc; path = OperationButtonsView.m; sourceTree = "<group>"; };
		A254BBBA1C0C7282006AB8D9 /* SettingViewController.h */ = {isa = PBXFileReference; fileEncoding = 4; lastKnownFileType = sourcecode.c.h; path = SettingViewController.h; sourceTree = "<group>"; };
		A254BBBB1C0C7282006AB8D9 /* SettingViewController.m */ = {isa = PBXFileReference; fileEncoding = 4; lastKnownFileType = sourcecode.c.objc; path = SettingViewController.m; sourceTree = "<group>"; };
		A29F58B11C08A18300233ADA /* EasyNowPlaying.app */ = {isa = PBXFileReference; explicitFileType = wrapper.application; includeInIndex = 0; path = EasyNowPlaying.app; sourceTree = BUILT_PRODUCTS_DIR; };
		A29F58B51C08A18300233ADA /* main.m */ = {isa = PBXFileReference; lastKnownFileType = sourcecode.c.objc; path = main.m; sourceTree = "<group>"; };
		A29F58BE1C08A18300233ADA /* Base */ = {isa = PBXFileReference; lastKnownFileType = file.storyboard; name = Base; path = Base.lproj/Main.storyboard; sourceTree = "<group>"; };
		A29F58C31C08A18300233ADA /* Base */ = {isa = PBXFileReference; lastKnownFileType = file.storyboard; name = Base; path = Base.lproj/LaunchScreen.storyboard; sourceTree = "<group>"; };
		A29F58C51C08A18300233ADA /* Info.plist */ = {isa = PBXFileReference; lastKnownFileType = text.plist.xml; name = Info.plist; path = ../Info.plist; sourceTree = "<group>"; };
		A29F58CC1C08A20100233ADA /* AppDelegate.h */ = {isa = PBXFileReference; fileEncoding = 4; lastKnownFileType = sourcecode.c.h; path = AppDelegate.h; sourceTree = "<group>"; };
		A29F58CD1C08A20100233ADA /* AppDelegate.m */ = {isa = PBXFileReference; fileEncoding = 4; lastKnownFileType = sourcecode.c.objc; path = AppDelegate.m; sourceTree = "<group>"; };
		A29F58D61C08A2AA00233ADA /* PlaybackViewController.h */ = {isa = PBXFileReference; fileEncoding = 4; lastKnownFileType = sourcecode.c.h; path = PlaybackViewController.h; sourceTree = "<group>"; };
		A29F58D71C08A2AA00233ADA /* PlaybackViewController.m */ = {isa = PBXFileReference; fileEncoding = 4; lastKnownFileType = sourcecode.c.objc; path = PlaybackViewController.m; sourceTree = "<group>"; };
		A29F58D91C08A59800233ADA /* Assets.xcassets */ = {isa = PBXFileReference; lastKnownFileType = folder.assetcatalog; path = Assets.xcassets; sourceTree = "<group>"; };
		A2AE983B1C0F00AB0064FFEB /* SettingTableView.h */ = {isa = PBXFileReference; fileEncoding = 4; lastKnownFileType = sourcecode.c.h; path = SettingTableView.h; sourceTree = "<group>"; };
		A2AE983C1C0F00AB0064FFEB /* SettingTableView.m */ = {isa = PBXFileReference; fileEncoding = 4; lastKnownFileType = sourcecode.c.objc; path = SettingTableView.m; sourceTree = "<group>"; };
		A2AE983E1C0F01190064FFEB /* SettingTableViewTagCell.h */ = {isa = PBXFileReference; fileEncoding = 4; lastKnownFileType = sourcecode.c.h; path = SettingTableViewTagCell.h; sourceTree = "<group>"; };
		A2AE983F1C0F01190064FFEB /* SettingTableViewTagCell.m */ = {isa = PBXFileReference; fileEncoding = 4; lastKnownFileType = sourcecode.c.objc; path = SettingTableViewTagCell.m; sourceTree = "<group>"; };
		A2AE98401C0F01190064FFEB /* SettingTableViewTagCell.xib */ = {isa = PBXFileReference; fileEncoding = 4; lastKnownFileType = file.xib; path = SettingTableViewTagCell.xib; sourceTree = "<group>"; };
		A2AE98431C0F01300064FFEB /* SettingTableViewImageCell.h */ = {isa = PBXFileReference; fileEncoding = 4; lastKnownFileType = sourcecode.c.h; path = SettingTableViewImageCell.h; sourceTree = "<group>"; };
		A2AE98441C0F01300064FFEB /* SettingTableViewImageCell.m */ = {isa = PBXFileReference; fileEncoding = 4; lastKnownFileType = sourcecode.c.objc; path = SettingTableViewImageCell.m; sourceTree = "<group>"; };
		A2AE98451C0F01300064FFEB /* SettingTableViewImageCell.xib */ = {isa = PBXFileReference; fileEncoding = 4; lastKnownFileType = file.xib; path = SettingTableViewImageCell.xib; sourceTree = "<group>"; };
		A2AE98481C0F01560064FFEB /* SettingTableViewProfileCell.h */ = {isa = PBXFileReference; fileEncoding = 4; lastKnownFileType = sourcecode.c.h; path = SettingTableViewProfileCell.h; sourceTree = "<group>"; };
		A2AE98491C0F01560064FFEB /* SettingTableViewProfileCell.m */ = {isa = PBXFileReference; fileEncoding = 4; lastKnownFileType = sourcecode.c.objc; path = SettingTableViewProfileCell.m; sourceTree = "<group>"; };
		A2AE984A1C0F01560064FFEB /* SettingTableViewProfileCell.xib */ = {isa = PBXFileReference; fileEncoding = 4; lastKnownFileType = file.xib; path = SettingTableViewProfileCell.xib; sourceTree = "<group>"; };
		A2B8C5E41C0980CD0094F14C /* ModelLocator.h */ = {isa = PBXFileReference; fileEncoding = 4; lastKnownFileType = sourcecode.c.h; path = ModelLocator.h; sourceTree = "<group>"; };
		A2B8C5E51C0980CD0094F14C /* ModelLocator.m */ = {isa = PBXFileReference; fileEncoding = 4; lastKnownFileType = sourcecode.c.objc; path = ModelLocator.m; sourceTree = "<group>"; };
		A2B8C5E91C0981C00094F14C /* PlaybackViewModel.h */ = {isa = PBXFileReference; fileEncoding = 4; lastKnownFileType = sourcecode.c.h; path = PlaybackViewModel.h; sourceTree = "<group>"; };
		A2B8C5EA1C0981C00094F14C /* PlaybackViewModel.m */ = {isa = PBXFileReference; fileEncoding = 4; lastKnownFileType = sourcecode.c.objc; path = PlaybackViewModel.m; sourceTree = "<group>"; };
		A2B8C5EC1C0982780094F14C /* MediaPlayer.framework */ = {isa = PBXFileReference; lastKnownFileType = wrapper.framework; name = MediaPlayer.framework; path = System/Library/Frameworks/MediaPlayer.framework; sourceTree = SDKROOT; };
		A2B8C5EE1C0984940094F14C /* MusicDataEntity.h */ = {isa = PBXFileReference; fileEncoding = 4; lastKnownFileType = sourcecode.c.h; path = MusicDataEntity.h; sourceTree = "<group>"; };
		A2B8C5EF1C0984940094F14C /* MusicDataEntity.m */ = {isa = PBXFileReference; fileEncoding = 4; lastKnownFileType = sourcecode.c.objc; path = MusicDataEntity.m; sourceTree = "<group>"; };
/* End PBXFileReference section */

/* Begin PBXFrameworksBuildPhase section */
		A29F58AE1C08A18300233ADA /* Frameworks */ = {
			isa = PBXFrameworksBuildPhase;
			buildActionMask = 2147483647;
			files = (
				A2B8C5ED1C0982780094F14C /* MediaPlayer.framework in Frameworks */,
			);
			runOnlyForDeploymentPostprocessing = 0;
		};
/* End PBXFrameworksBuildPhase section */

/* Begin PBXGroup section */
		A214CA471C0DBCCF00DD7F51 /* AlbumTableView */ = {
			isa = PBXGroup;
			children = (
				A214CA481C0DBCCF00DD7F51 /* AlbumTableView.h */,
				A214CA491C0DBCCF00DD7F51 /* AlbumTableView.m */,
				A214CA4A1C0DBCCF00DD7F51 /* AlbumTableViewCells */,
			);
			path = AlbumTableView;
			sourceTree = "<group>";
		};
		A214CA4A1C0DBCCF00DD7F51 /* AlbumTableViewCells */ = {
			isa = PBXGroup;
			children = (
				A214CA4C1C0DBD9A00DD7F51 /* AlbumTableViewSongCell.h */,
				A214CA4D1C0DBD9A00DD7F51 /* AlbumTableViewSongCell.m */,
				A214CA4F1C0DBDAA00DD7F51 /* AlbumTableViewSongCell.xib */,
			);
			path = AlbumTableViewCells;
			sourceTree = "<group>";
		};
		A248A3C31C09C9C5007621DA /* API */ = {
			isa = PBXGroup;
			children = (
			);
			path = API;
			sourceTree = "<group>";
		};
		A29F58A81C08A18300233ADA = {
			isa = PBXGroup;
			children = (
				A2B8C5EC1C0982780094F14C /* MediaPlayer.framework */,
				A29F58B31C08A18300233ADA /* EasyNowPlaying */,
				A29F58B21C08A18300233ADA /* Products */,
			);
			sourceTree = "<group>";
		};
		A29F58B21C08A18300233ADA /* Products */ = {
			isa = PBXGroup;
			children = (
				A29F58B11C08A18300233ADA /* EasyNowPlaying.app */,
			);
			name = Products;
			sourceTree = "<group>";
		};
		A29F58B31C08A18300233ADA /* EasyNowPlaying */ = {
			isa = PBXGroup;
			children = (
				A29F58CB1C08A20100233ADA /* Application */,
				A29F58D01C08A20100233ADA /* Model */,
				A29F58D21C08A20100233ADA /* View */,
				A29F58CE1C08A20100233ADA /* Controller */,
				A248A3C31C09C9C5007621DA /* API */,
				A29F58CF1C08A20100233ADA /* Library */,
				A29F58D11C08A20100233ADA /* Utility */,
				A29F58DE1C08B7F100233ADA /* Category */,
				A29F58D41C08A21B00233ADA /* Storyboard */,
				A29F58D51C08A26600233ADA /* Resource */,
				A29F58B41C08A18300233ADA /* Supporting Files */,
			);
			path = EasyNowPlaying;
			sourceTree = "<group>";
		};
		A29F58B41C08A18300233ADA /* Supporting Files */ = {
			isa = PBXGroup;
			children = (
				A29F58B51C08A18300233ADA /* main.m */,
			);
			name = "Supporting Files";
			sourceTree = "<group>";
		};
		A29F58CB1C08A20100233ADA /* Application */ = {
			isa = PBXGroup;
			children = (
				A29F58C51C08A18300233ADA /* Info.plist */,
				A29F58CC1C08A20100233ADA /* AppDelegate.h */,
				A29F58CD1C08A20100233ADA /* AppDelegate.m */,
			);
			path = Application;
			sourceTree = "<group>";
		};
		A29F58CE1C08A20100233ADA /* Controller */ = {
			isa = PBXGroup;
			children = (
				A29F58D61C08A2AA00233ADA /* PlaybackViewController.h */,
				A29F58D71C08A2AA00233ADA /* PlaybackViewController.m */,
				A254BBBA1C0C7282006AB8D9 /* SettingViewController.h */,
				A254BBBB1C0C7282006AB8D9 /* SettingViewController.m */,
			);
			path = Controller;
			sourceTree = "<group>";
		};
		A29F58CF1C08A20100233ADA /* Library */ = {
			isa = PBXGroup;
			children = (
			);
			path = Library;
			sourceTree = "<group>";
		};
		A29F58D01C08A20100233ADA /* Model */ = {
			isa = PBXGroup;
			children = (
				A2B8C5E41C0980CD0094F14C /* ModelLocator.h */,
				A2B8C5E51C0980CD0094F14C /* ModelLocator.m */,
				A2B8C5E71C0981780094F14C /* PlaybackViewModel */,
			);
			path = Model;
			sourceTree = "<group>";
		};
		A29F58D11C08A20100233ADA /* Utility */ = {
			isa = PBXGroup;
			children = (
			);
			path = Utility;
			sourceTree = "<group>";
		};
		A29F58D21C08A20100233ADA /* View */ = {
			isa = PBXGroup;
			children = (
				A214CA471C0DBCCF00DD7F51 /* AlbumTableView */,
				A2AE98391C0F00930064FFEB /* SettingTableView */,
				A254BBB41C0C61AD006AB8D9 /* MusicDataView.h */,
				A254BBB51C0C61AD006AB8D9 /* MusicDataView.m */,
				A254BBB71C0C6282006AB8D9 /* OperationButtonsView.h */,
				A254BBB81C0C6282006AB8D9 /* OperationButtonsView.m */,
			);
			path = View;
			sourceTree = "<group>";
		};
		A29F58D41C08A21B00233ADA /* Storyboard */ = {
			isa = PBXGroup;
			children = (
				A29F58BD1C08A18300233ADA /* Main.storyboard */,
				A29F58C21C08A18300233ADA /* LaunchScreen.storyboard */,
			);
			path = Storyboard;
			sourceTree = "<group>";
		};
		A29F58D51C08A26600233ADA /* Resource */ = {
			isa = PBXGroup;
			children = (
				A29F58D91C08A59800233ADA /* Assets.xcassets */,
			);
			path = Resource;
			sourceTree = "<group>";
		};
		A29F58DE1C08B7F100233ADA /* Category */ = {
			isa = PBXGroup;
			children = (
			);
			path = Category;
			sourceTree = "<group>";
		};
		A2AE98391C0F00930064FFEB /* SettingTableView */ = {
			isa = PBXGroup;
			children = (
				A2AE983B1C0F00AB0064FFEB /* SettingTableView.h */,
				A2AE983C1C0F00AB0064FFEB /* SettingTableView.m */,
				A2AE983A1C0F00930064FFEB /* SettingTableViewCells */,
			);
			path = SettingTableView;
			sourceTree = "<group>";
		};
		A2AE983A1C0F00930064FFEB /* SettingTableViewCells */ = {
			isa = PBXGroup;
			children = (
				A2AE983E1C0F01190064FFEB /* SettingTableViewTagCell.h */,
				A2AE983F1C0F01190064FFEB /* SettingTableViewTagCell.m */,
				A2AE98401C0F01190064FFEB /* SettingTableViewTagCell.xib */,
				A2AE98431C0F01300064FFEB /* SettingTableViewImageCell.h */,
				A2AE98441C0F01300064FFEB /* SettingTableViewImageCell.m */,
				A2AE98451C0F01300064FFEB /* SettingTableViewImageCell.xib */,
				A2AE98481C0F01560064FFEB /* SettingTableViewProfileCell.h */,
				A2AE98491C0F01560064FFEB /* SettingTableViewProfileCell.m */,
				A2AE984A1C0F01560064FFEB /* SettingTableViewProfileCell.xib */,
			);
			path = SettingTableViewCells;
			sourceTree = "<group>";
		};
		A2B8C5E71C0981780094F14C /* PlaybackViewModel */ = {
			isa = PBXGroup;
			children = (
				A2B8C5E91C0981C00094F14C /* PlaybackViewModel.h */,
				A2B8C5EA1C0981C00094F14C /* PlaybackViewModel.m */,
				A2B8C5E81C0981780094F14C /* MusicDataEntity */,
			);
			path = PlaybackViewModel;
			sourceTree = "<group>";
		};
		A2B8C5E81C0981780094F14C /* MusicDataEntity */ = {
			isa = PBXGroup;
			children = (
				A2B8C5EE1C0984940094F14C /* MusicDataEntity.h */,
				A2B8C5EF1C0984940094F14C /* MusicDataEntity.m */,
			);
			path = MusicDataEntity;
			sourceTree = "<group>";
		};
/* End PBXGroup section */

/* Begin PBXNativeTarget section */
		A29F58B01C08A18300233ADA /* EasyNowPlaying */ = {
			isa = PBXNativeTarget;
			buildConfigurationList = A29F58C81C08A18300233ADA /* Build configuration list for PBXNativeTarget "EasyNowPlaying" */;
			buildPhases = (
				A29F58AD1C08A18300233ADA /* Sources */,
				A29F58AE1C08A18300233ADA /* Frameworks */,
				A29F58AF1C08A18300233ADA /* Resources */,
			);
			buildRules = (
			);
			dependencies = (
			);
			name = EasyNowPlaying;
			productName = EasyNowPlaying;
			productReference = A29F58B11C08A18300233ADA /* EasyNowPlaying.app */;
			productType = "com.apple.product-type.application";
		};
/* End PBXNativeTarget section */

/* Begin PBXProject section */
		A29F58A91C08A18300233ADA /* Project object */ = {
			isa = PBXProject;
			attributes = {
				LastUpgradeCheck = 0700;
				ORGANIZATIONNAME = "inaba masaya";
				TargetAttributes = {
					A29F58B01C08A18300233ADA = {
						CreatedOnToolsVersion = 7.0.1;
					};
				};
			};
			buildConfigurationList = A29F58AC1C08A18300233ADA /* Build configuration list for PBXProject "EasyNowPlaying" */;
			compatibilityVersion = "Xcode 3.2";
			developmentRegion = English;
			hasScannedForEncodings = 0;
			knownRegions = (
				en,
				Base,
			);
			mainGroup = A29F58A81C08A18300233ADA;
			productRefGroup = A29F58B21C08A18300233ADA /* Products */;
			projectDirPath = "";
			projectRoot = "";
			targets = (
				A29F58B01C08A18300233ADA /* EasyNowPlaying */,
			);
		};
/* End PBXProject section */

/* Begin PBXResourcesBuildPhase section */
		A29F58AF1C08A18300233ADA /* Resources */ = {
			isa = PBXResourcesBuildPhase;
			buildActionMask = 2147483647;
			files = (
				A29F58C41C08A18300233ADA /* LaunchScreen.storyboard in Resources */,
				A29F58DA1C08A59800233ADA /* Assets.xcassets in Resources */,
				A214CA501C0DBDAA00DD7F51 /* AlbumTableViewSongCell.xib in Resources */,
				A2AE98421C0F01190064FFEB /* SettingTableViewTagCell.xib in Resources */,
				A2AE98471C0F01300064FFEB /* SettingTableViewImageCell.xib in Resources */,
				A29F58BF1C08A18300233ADA /* Main.storyboard in Resources */,
				A2AE984C1C0F01560064FFEB /* SettingTableViewProfileCell.xib in Resources */,
			);
			runOnlyForDeploymentPostprocessing = 0;
		};
/* End PBXResourcesBuildPhase section */

/* Begin PBXSourcesBuildPhase section */
		A29F58AD1C08A18300233ADA /* Sources */ = {
			isa = PBXSourcesBuildPhase;
			buildActionMask = 2147483647;
			files = (
				A2B8C5E61C0980CD0094F14C /* ModelLocator.m in Sources */,
				A29F58D31C08A20100233ADA /* AppDelegate.m in Sources */,
				A2AE983D1C0F00AB0064FFEB /* SettingTableView.m in Sources */,
				A2B8C5F01C0984940094F14C /* MusicDataEntity.m in Sources */,
				A2B8C5EB1C0981C00094F14C /* PlaybackViewModel.m in Sources */,
				A254BBB91C0C6282006AB8D9 /* OperationButtonsView.m in Sources */,
				A214CA4B1C0DBCCF00DD7F51 /* AlbumTableView.m in Sources */,
				A254BBB61C0C61AD006AB8D9 /* MusicDataView.m in Sources */,
				A214CA4E1C0DBD9A00DD7F51 /* AlbumTableViewSongCell.m in Sources */,
				A29F58B61C08A18300233ADA /* main.m in Sources */,
				A2AE98411C0F01190064FFEB /* SettingTableViewTagCell.m in Sources */,
				A2AE984B1C0F01560064FFEB /* SettingTableViewProfileCell.m in Sources */,
				A29F58D81C08A2AA00233ADA /* PlaybackViewController.m in Sources */,
				A2AE98461C0F01300064FFEB /* SettingTableViewImageCell.m in Sources */,
				A254BBBC1C0C7282006AB8D9 /* SettingViewController.m in Sources */,
			);
			runOnlyForDeploymentPostprocessing = 0;
		};
/* End PBXSourcesBuildPhase section */

/* Begin PBXVariantGroup section */
		A29F58BD1C08A18300233ADA /* Main.storyboard */ = {
			isa = PBXVariantGroup;
			children = (
				A29F58BE1C08A18300233ADA /* Base */,
			);
			name = Main.storyboard;
			path = ..;
			sourceTree = "<group>";
		};
		A29F58C21C08A18300233ADA /* LaunchScreen.storyboard */ = {
			isa = PBXVariantGroup;
			children = (
				A29F58C31C08A18300233ADA /* Base */,
			);
			name = LaunchScreen.storyboard;
			path = ..;
			sourceTree = "<group>";
		};
/* End PBXVariantGroup section */

/* Begin XCBuildConfiguration section */
		A29F58C61C08A18300233ADA /* Debug */ = {
			isa = XCBuildConfiguration;
			buildSettings = {
				ALWAYS_SEARCH_USER_PATHS = NO;
				CLANG_CXX_LANGUAGE_STANDARD = "gnu++0x";
				CLANG_CXX_LIBRARY = "libc++";
				CLANG_ENABLE_MODULES = YES;
				CLANG_ENABLE_OBJC_ARC = YES;
				CLANG_WARN_BOOL_CONVERSION = YES;
				CLANG_WARN_CONSTANT_CONVERSION = YES;
				CLANG_WARN_DIRECT_OBJC_ISA_USAGE = YES_ERROR;
				CLANG_WARN_EMPTY_BODY = YES;
				CLANG_WARN_ENUM_CONVERSION = YES;
				CLANG_WARN_INT_CONVERSION = YES;
				CLANG_WARN_OBJC_ROOT_CLASS = YES_ERROR;
				CLANG_WARN_UNREACHABLE_CODE = YES;
				CLANG_WARN__DUPLICATE_METHOD_MATCH = YES;
				CODE_SIGN_IDENTITY = "iPhone Developer";
				"CODE_SIGN_IDENTITY[sdk=iphoneos*]" = "iPhone Developer";
				COPY_PHASE_STRIP = NO;
				DEBUG_INFORMATION_FORMAT = dwarf;
				ENABLE_STRICT_OBJC_MSGSEND = YES;
				ENABLE_TESTABILITY = YES;
				GCC_C_LANGUAGE_STANDARD = gnu99;
				GCC_DYNAMIC_NO_PIC = NO;
				GCC_NO_COMMON_BLOCKS = YES;
				GCC_OPTIMIZATION_LEVEL = 0;
				GCC_PREPROCESSOR_DEFINITIONS = (
					"DEBUG=1",
					"$(inherited)",
				);
				GCC_WARN_64_TO_32_BIT_CONVERSION = YES;
				GCC_WARN_ABOUT_RETURN_TYPE = YES_ERROR;
				GCC_WARN_UNDECLARED_SELECTOR = YES;
				GCC_WARN_UNINITIALIZED_AUTOS = YES_AGGRESSIVE;
				GCC_WARN_UNUSED_FUNCTION = YES;
				GCC_WARN_UNUSED_VARIABLE = YES;
				IPHONEOS_DEPLOYMENT_TARGET = 9.0;
				MTL_ENABLE_DEBUG_INFO = YES;
				ONLY_ACTIVE_ARCH = YES;
				SDKROOT = iphoneos;
			};
			name = Debug;
		};
		A29F58C71C08A18300233ADA /* Release */ = {
			isa = XCBuildConfiguration;
			buildSettings = {
				ALWAYS_SEARCH_USER_PATHS = NO;
				CLANG_CXX_LANGUAGE_STANDARD = "gnu++0x";
				CLANG_CXX_LIBRARY = "libc++";
				CLANG_ENABLE_MODULES = YES;
				CLANG_ENABLE_OBJC_ARC = YES;
				CLANG_WARN_BOOL_CONVERSION = YES;
				CLANG_WARN_CONSTANT_CONVERSION = YES;
				CLANG_WARN_DIRECT_OBJC_ISA_USAGE = YES_ERROR;
				CLANG_WARN_EMPTY_BODY = YES;
				CLANG_WARN_ENUM_CONVERSION = YES;
				CLANG_WARN_INT_CONVERSION = YES;
				CLANG_WARN_OBJC_ROOT_CLASS = YES_ERROR;
				CLANG_WARN_UNREACHABLE_CODE = YES;
				CLANG_WARN__DUPLICATE_METHOD_MATCH = YES;
				CODE_SIGN_IDENTITY = "iPhone Developer";
				"CODE_SIGN_IDENTITY[sdk=iphoneos*]" = "iPhone Developer";
				COPY_PHASE_STRIP = NO;
				DEBUG_INFORMATION_FORMAT = "dwarf-with-dsym";
				ENABLE_NS_ASSERTIONS = NO;
				ENABLE_STRICT_OBJC_MSGSEND = YES;
				GCC_C_LANGUAGE_STANDARD = gnu99;
				GCC_NO_COMMON_BLOCKS = YES;
				GCC_WARN_64_TO_32_BIT_CONVERSION = YES;
				GCC_WARN_ABOUT_RETURN_TYPE = YES_ERROR;
				GCC_WARN_UNDECLARED_SELECTOR = YES;
				GCC_WARN_UNINITIALIZED_AUTOS = YES_AGGRESSIVE;
				GCC_WARN_UNUSED_FUNCTION = YES;
				GCC_WARN_UNUSED_VARIABLE = YES;
				IPHONEOS_DEPLOYMENT_TARGET = 9.0;
				MTL_ENABLE_DEBUG_INFO = NO;
				SDKROOT = iphoneos;
				VALIDATE_PRODUCT = YES;
			};
			name = Release;
		};
		A29F58C91C08A18300233ADA /* Debug */ = {
			isa = XCBuildConfiguration;
			buildSettings = {
				ASSETCATALOG_COMPILER_APPICON_NAME = AppIcon;
				CODE_SIGN_IDENTITY = "iPhone Developer";
				INFOPLIST_FILE = EasyNowPlaying/Info.plist;
				LD_RUNPATH_SEARCH_PATHS = "$(inherited) @executable_path/Frameworks";
				PRODUCT_BUNDLE_IDENTIFIER = masaya.inaba.EasyNowPlaying;
				PRODUCT_NAME = "$(TARGET_NAME)";
			};
			name = Debug;
		};
		A29F58CA1C08A18300233ADA /* Release */ = {
			isa = XCBuildConfiguration;
			buildSettings = {
				ASSETCATALOG_COMPILER_APPICON_NAME = AppIcon;
				CODE_SIGN_IDENTITY = "iPhone Developer";
				INFOPLIST_FILE = EasyNowPlaying/Info.plist;
				LD_RUNPATH_SEARCH_PATHS = "$(inherited) @executable_path/Frameworks";
				PRODUCT_BUNDLE_IDENTIFIER = masaya.inaba.EasyNowPlaying;
				PRODUCT_NAME = "$(TARGET_NAME)";
			};
			name = Release;
		};
/* End XCBuildConfiguration section */

/* Begin XCConfigurationList section */
		A29F58AC1C08A18300233ADA /* Build configuration list for PBXProject "EasyNowPlaying" */ = {
			isa = XCConfigurationList;
			buildConfigurations = (
				A29F58C61C08A18300233ADA /* Debug */,
				A29F58C71C08A18300233ADA /* Release */,
			);
			defaultConfigurationIsVisible = 0;
			defaultConfigurationName = Release;
		};
		A29F58C81C08A18300233ADA /* Build configuration list for PBXNativeTarget "EasyNowPlaying" */ = {
			isa = XCConfigurationList;
			buildConfigurations = (
				A29F58C91C08A18300233ADA /* Debug */,
				A29F58CA1C08A18300233ADA /* Release */,
			);
			defaultConfigurationIsVisible = 0;
			defaultConfigurationName = Release;
		};
/* End XCConfigurationList section */
	};
	rootObject = A29F58A91C08A18300233ADA /* Project object */;
}
