// !$*UTF8*$!
{
	archiveVersion = 1;
	classes = {
	};
	objectVersion = 46;
	objects = {

/* Begin PBXBuildFile section */
		A248A3C21C09C634007621DA /* Social.framework in Frameworks */ = {isa = PBXBuildFile; fileRef = A248A3C11C09C634007621DA /* Social.framework */; };
		A248A3C81C09CB88007621DA /* Accounts.framework in Frameworks */ = {isa = PBXBuildFile; fileRef = A248A3C71C09CB88007621DA /* Accounts.framework */; };
		A248A3FA1C09CEFC007621DA /* TwitterAPI.m in Sources */ = {isa = PBXBuildFile; fileRef = A248A3F91C09CEFC007621DA /* TwitterAPI.m */; };
		A248A41E1C09D01C007621DA /* NSDateFormatter+STTwitter.m in Sources */ = {isa = PBXBuildFile; fileRef = A248A3FF1C09D01C007621DA /* NSDateFormatter+STTwitter.m */; };
		A248A41F1C09D01C007621DA /* NSError+STTwitter.m in Sources */ = {isa = PBXBuildFile; fileRef = A248A4011C09D01C007621DA /* NSError+STTwitter.m */; };
		A248A4201C09D01C007621DA /* NSString+STTwitter.m in Sources */ = {isa = PBXBuildFile; fileRef = A248A4031C09D01C007621DA /* NSString+STTwitter.m */; };
		A248A4211C09D01C007621DA /* STHTTPRequest+STTwitter.m in Sources */ = {isa = PBXBuildFile; fileRef = A248A4051C09D01C007621DA /* STHTTPRequest+STTwitter.m */; };
		A248A4221C09D01C007621DA /* STTwitterAPI.m in Sources */ = {isa = PBXBuildFile; fileRef = A248A4081C09D01C007621DA /* STTwitterAPI.m */; };
		A248A4231C09D01C007621DA /* STTwitterAppOnly.m in Sources */ = {isa = PBXBuildFile; fileRef = A248A40A1C09D01C007621DA /* STTwitterAppOnly.m */; };
		A248A4241C09D01C007621DA /* STTwitterHTML.m in Sources */ = {isa = PBXBuildFile; fileRef = A248A40C1C09D01C007621DA /* STTwitterHTML.m */; };
		A248A4251C09D01C007621DA /* STTwitterOAuth.m in Sources */ = {isa = PBXBuildFile; fileRef = A248A40E1C09D01C007621DA /* STTwitterOAuth.m */; };
		A248A4261C09D01C007621DA /* STTwitterOS.m in Sources */ = {isa = PBXBuildFile; fileRef = A248A4101C09D01C007621DA /* STTwitterOS.m */; };
		A248A4271C09D01C007621DA /* STTwitterOSRequest.m in Sources */ = {isa = PBXBuildFile; fileRef = A248A4121C09D01C007621DA /* STTwitterOSRequest.m */; };
		A248A4281C09D01C007621DA /* STTwitterStreamParser.m in Sources */ = {isa = PBXBuildFile; fileRef = A248A4161C09D01C007621DA /* STTwitterStreamParser.m */; };
		A248A4291C09D01C007621DA /* BAVPlistNode.m in Sources */ = {isa = PBXBuildFile; fileRef = A248A4191C09D01C007621DA /* BAVPlistNode.m */; };
		A248A42A1C09D01C007621DA /* JSONSyntaxHighlight.m in Sources */ = {isa = PBXBuildFile; fileRef = A248A41B1C09D01C007621DA /* JSONSyntaxHighlight.m */; };
		A248A42B1C09D01C007621DA /* STHTTPRequest.m in Sources */ = {isa = PBXBuildFile; fileRef = A248A41D1C09D01C007621DA /* STHTTPRequest.m */; };
		A29F58B61C08A18300233ADA /* main.m in Sources */ = {isa = PBXBuildFile; fileRef = A29F58B51C08A18300233ADA /* main.m */; };
		A29F58BF1C08A18300233ADA /* Main.storyboard in Resources */ = {isa = PBXBuildFile; fileRef = A29F58BD1C08A18300233ADA /* Main.storyboard */; };
		A29F58C41C08A18300233ADA /* LaunchScreen.storyboard in Resources */ = {isa = PBXBuildFile; fileRef = A29F58C21C08A18300233ADA /* LaunchScreen.storyboard */; };
		A29F58D31C08A20100233ADA /* AppDelegate.m in Sources */ = {isa = PBXBuildFile; fileRef = A29F58CD1C08A20100233ADA /* AppDelegate.m */; };
		A29F58D81C08A2AA00233ADA /* PlaybackViewController.m in Sources */ = {isa = PBXBuildFile; fileRef = A29F58D71C08A2AA00233ADA /* PlaybackViewController.m */; };
		A29F58DA1C08A59800233ADA /* Assets.xcassets in Resources */ = {isa = PBXBuildFile; fileRef = A29F58D91C08A59800233ADA /* Assets.xcassets */; };
		A29F58DD1C08B6D500233ADA /* TwitterIconImageView.m in Sources */ = {isa = PBXBuildFile; fileRef = A29F58DC1C08B6D500233ADA /* TwitterIconImageView.m */; };
		A29F58E11C08B89B00233ADA /* UIImage+Ex.m in Sources */ = {isa = PBXBuildFile; fileRef = A29F58E01C08B89B00233ADA /* UIImage+Ex.m */; };
		A2B8C5DF1C097A170094F14C /* LEColorPicker.m in Sources */ = {isa = PBXBuildFile; fileRef = A2B8C5DC1C097A170094F14C /* LEColorPicker.m */; };
		A2B8C5E01C097A170094F14C /* UIColor+YUVSpace.m in Sources */ = {isa = PBXBuildFile; fileRef = A2B8C5DE1C097A170094F14C /* UIColor+YUVSpace.m */; };
		A2B8C5E31C097AEC0094F14C /* MusicOperationView.m in Sources */ = {isa = PBXBuildFile; fileRef = A2B8C5E21C097AEC0094F14C /* MusicOperationView.m */; };
		A2B8C5E61C0980CD0094F14C /* ModelLocator.m in Sources */ = {isa = PBXBuildFile; fileRef = A2B8C5E51C0980CD0094F14C /* ModelLocator.m */; };
		A2B8C5EB1C0981C00094F14C /* PlaybackViewModel.m in Sources */ = {isa = PBXBuildFile; fileRef = A2B8C5EA1C0981C00094F14C /* PlaybackViewModel.m */; };
		A2B8C5ED1C0982780094F14C /* MediaPlayer.framework in Frameworks */ = {isa = PBXBuildFile; fileRef = A2B8C5EC1C0982780094F14C /* MediaPlayer.framework */; };
		A2B8C5F01C0984940094F14C /* MusicDataEntity.m in Sources */ = {isa = PBXBuildFile; fileRef = A2B8C5EF1C0984940094F14C /* MusicDataEntity.m */; };
		A2B8C5F31C098D240094F14C /* ArtworkAndTwitterDataView.m in Sources */ = {isa = PBXBuildFile; fileRef = A2B8C5F21C098D240094F14C /* ArtworkAndTwitterDataView.m */; };
/* End PBXBuildFile section */

/* Begin PBXFileReference section */
		A248A3C11C09C634007621DA /* Social.framework */ = {isa = PBXFileReference; lastKnownFileType = wrapper.framework; name = Social.framework; path = System/Library/Frameworks/Social.framework; sourceTree = SDKROOT; };
		A248A3C71C09CB88007621DA /* Accounts.framework */ = {isa = PBXFileReference; lastKnownFileType = wrapper.framework; name = Accounts.framework; path = System/Library/Frameworks/Accounts.framework; sourceTree = SDKROOT; };
		A248A3F81C09CEFC007621DA /* TwitterAPI.h */ = {isa = PBXFileReference; fileEncoding = 4; lastKnownFileType = sourcecode.c.h; path = TwitterAPI.h; sourceTree = "<group>"; };
		A248A3F91C09CEFC007621DA /* TwitterAPI.m */ = {isa = PBXFileReference; fileEncoding = 4; lastKnownFileType = sourcecode.c.objc; path = TwitterAPI.m; sourceTree = "<group>"; };
		A248A3FE1C09D01C007621DA /* NSDateFormatter+STTwitter.h */ = {isa = PBXFileReference; fileEncoding = 4; lastKnownFileType = sourcecode.c.h; path = "NSDateFormatter+STTwitter.h"; sourceTree = "<group>"; };
		A248A3FF1C09D01C007621DA /* NSDateFormatter+STTwitter.m */ = {isa = PBXFileReference; fileEncoding = 4; lastKnownFileType = sourcecode.c.objc; path = "NSDateFormatter+STTwitter.m"; sourceTree = "<group>"; };
		A248A4001C09D01C007621DA /* NSError+STTwitter.h */ = {isa = PBXFileReference; fileEncoding = 4; lastKnownFileType = sourcecode.c.h; path = "NSError+STTwitter.h"; sourceTree = "<group>"; };
		A248A4011C09D01C007621DA /* NSError+STTwitter.m */ = {isa = PBXFileReference; fileEncoding = 4; lastKnownFileType = sourcecode.c.objc; path = "NSError+STTwitter.m"; sourceTree = "<group>"; };
		A248A4021C09D01C007621DA /* NSString+STTwitter.h */ = {isa = PBXFileReference; fileEncoding = 4; lastKnownFileType = sourcecode.c.h; path = "NSString+STTwitter.h"; sourceTree = "<group>"; };
		A248A4031C09D01C007621DA /* NSString+STTwitter.m */ = {isa = PBXFileReference; fileEncoding = 4; lastKnownFileType = sourcecode.c.objc; path = "NSString+STTwitter.m"; sourceTree = "<group>"; };
		A248A4041C09D01C007621DA /* STHTTPRequest+STTwitter.h */ = {isa = PBXFileReference; fileEncoding = 4; lastKnownFileType = sourcecode.c.h; path = "STHTTPRequest+STTwitter.h"; sourceTree = "<group>"; };
		A248A4051C09D01C007621DA /* STHTTPRequest+STTwitter.m */ = {isa = PBXFileReference; fileEncoding = 4; lastKnownFileType = sourcecode.c.objc; path = "STHTTPRequest+STTwitter.m"; sourceTree = "<group>"; };
		A248A4061C09D01C007621DA /* STTwitter.h */ = {isa = PBXFileReference; fileEncoding = 4; lastKnownFileType = sourcecode.c.h; path = STTwitter.h; sourceTree = "<group>"; };
		A248A4071C09D01C007621DA /* STTwitterAPI.h */ = {isa = PBXFileReference; fileEncoding = 4; lastKnownFileType = sourcecode.c.h; path = STTwitterAPI.h; sourceTree = "<group>"; };
		A248A4081C09D01C007621DA /* STTwitterAPI.m */ = {isa = PBXFileReference; fileEncoding = 4; lastKnownFileType = sourcecode.c.objc; path = STTwitterAPI.m; sourceTree = "<group>"; };
		A248A4091C09D01C007621DA /* STTwitterAppOnly.h */ = {isa = PBXFileReference; fileEncoding = 4; lastKnownFileType = sourcecode.c.h; path = STTwitterAppOnly.h; sourceTree = "<group>"; };
		A248A40A1C09D01C007621DA /* STTwitterAppOnly.m */ = {isa = PBXFileReference; fileEncoding = 4; lastKnownFileType = sourcecode.c.objc; path = STTwitterAppOnly.m; sourceTree = "<group>"; };
		A248A40B1C09D01C007621DA /* STTwitterHTML.h */ = {isa = PBXFileReference; fileEncoding = 4; lastKnownFileType = sourcecode.c.h; path = STTwitterHTML.h; sourceTree = "<group>"; };
		A248A40C1C09D01C007621DA /* STTwitterHTML.m */ = {isa = PBXFileReference; fileEncoding = 4; lastKnownFileType = sourcecode.c.objc; path = STTwitterHTML.m; sourceTree = "<group>"; };
		A248A40D1C09D01C007621DA /* STTwitterOAuth.h */ = {isa = PBXFileReference; fileEncoding = 4; lastKnownFileType = sourcecode.c.h; path = STTwitterOAuth.h; sourceTree = "<group>"; };
		A248A40E1C09D01C007621DA /* STTwitterOAuth.m */ = {isa = PBXFileReference; fileEncoding = 4; lastKnownFileType = sourcecode.c.objc; path = STTwitterOAuth.m; sourceTree = "<group>"; };
		A248A40F1C09D01C007621DA /* STTwitterOS.h */ = {isa = PBXFileReference; fileEncoding = 4; lastKnownFileType = sourcecode.c.h; path = STTwitterOS.h; sourceTree = "<group>"; };
		A248A4101C09D01C007621DA /* STTwitterOS.m */ = {isa = PBXFileReference; fileEncoding = 4; lastKnownFileType = sourcecode.c.objc; path = STTwitterOS.m; sourceTree = "<group>"; };
		A248A4111C09D01C007621DA /* STTwitterOSRequest.h */ = {isa = PBXFileReference; fileEncoding = 4; lastKnownFileType = sourcecode.c.h; path = STTwitterOSRequest.h; sourceTree = "<group>"; };
		A248A4121C09D01C007621DA /* STTwitterOSRequest.m */ = {isa = PBXFileReference; fileEncoding = 4; lastKnownFileType = sourcecode.c.objc; path = STTwitterOSRequest.m; sourceTree = "<group>"; };
		A248A4131C09D01C007621DA /* STTwitterProtocol.h */ = {isa = PBXFileReference; fileEncoding = 4; lastKnownFileType = sourcecode.c.h; path = STTwitterProtocol.h; sourceTree = "<group>"; };
		A248A4141C09D01C007621DA /* STTwitterRequestProtocol.h */ = {isa = PBXFileReference; fileEncoding = 4; lastKnownFileType = sourcecode.c.h; path = STTwitterRequestProtocol.h; sourceTree = "<group>"; };
		A248A4151C09D01C007621DA /* STTwitterStreamParser.h */ = {isa = PBXFileReference; fileEncoding = 4; lastKnownFileType = sourcecode.c.h; path = STTwitterStreamParser.h; sourceTree = "<group>"; };
		A248A4161C09D01C007621DA /* STTwitterStreamParser.m */ = {isa = PBXFileReference; fileEncoding = 4; lastKnownFileType = sourcecode.c.objc; path = STTwitterStreamParser.m; sourceTree = "<group>"; };
		A248A4181C09D01C007621DA /* BAVPlistNode.h */ = {isa = PBXFileReference; fileEncoding = 4; lastKnownFileType = sourcecode.c.h; path = BAVPlistNode.h; sourceTree = "<group>"; };
		A248A4191C09D01C007621DA /* BAVPlistNode.m */ = {isa = PBXFileReference; fileEncoding = 4; lastKnownFileType = sourcecode.c.objc; path = BAVPlistNode.m; sourceTree = "<group>"; };
		A248A41A1C09D01C007621DA /* JSONSyntaxHighlight.h */ = {isa = PBXFileReference; fileEncoding = 4; lastKnownFileType = sourcecode.c.h; path = JSONSyntaxHighlight.h; sourceTree = "<group>"; };
		A248A41B1C09D01C007621DA /* JSONSyntaxHighlight.m */ = {isa = PBXFileReference; fileEncoding = 4; lastKnownFileType = sourcecode.c.objc; path = JSONSyntaxHighlight.m; sourceTree = "<group>"; };
		A248A41C1C09D01C007621DA /* STHTTPRequest.h */ = {isa = PBXFileReference; fileEncoding = 4; lastKnownFileType = sourcecode.c.h; path = STHTTPRequest.h; sourceTree = "<group>"; };
		A248A41D1C09D01C007621DA /* STHTTPRequest.m */ = {isa = PBXFileReference; fileEncoding = 4; lastKnownFileType = sourcecode.c.objc; path = STHTTPRequest.m; sourceTree = "<group>"; };
		A29F58B11C08A18300233ADA /* EasyNowPlaying.app */ = {isa = PBXFileReference; explicitFileType = wrapper.application; includeInIndex = 0; path = EasyNowPlaying.app; sourceTree = BUILT_PRODUCTS_DIR; };
		A29F58B51C08A18300233ADA /* main.m */ = {isa = PBXFileReference; lastKnownFileType = sourcecode.c.objc; path = main.m; sourceTree = "<group>"; };
		A29F58BE1C08A18300233ADA /* Base */ = {isa = PBXFileReference; lastKnownFileType = file.storyboard; name = Base; path = Base.lproj/Main.storyboard; sourceTree = "<group>"; };
		A29F58C31C08A18300233ADA /* Base */ = {isa = PBXFileReference; lastKnownFileType = file.storyboard; name = Base; path = Base.lproj/LaunchScreen.storyboard; sourceTree = "<group>"; };
		A29F58C51C08A18300233ADA /* Info.plist */ = {isa = PBXFileReference; lastKnownFileType = text.plist.xml; name = Info.plist; path = ../Info.plist; sourceTree = "<group>"; };
		A29F58CC1C08A20100233ADA /* AppDelegate.h */ = {isa = PBXFileReference; fileEncoding = 4; lastKnownFileType = sourcecode.c.h; path = AppDelegate.h; sourceTree = "<group>"; };
		A29F58CD1C08A20100233ADA /* AppDelegate.m */ = {isa = PBXFileReference; fileEncoding = 4; lastKnownFileType = sourcecode.c.objc; path = AppDelegate.m; sourceTree = "<group>"; };
		A29F58D61C08A2AA00233ADA /* PlaybackViewController.h */ = {isa = PBXFileReference; fileEncoding = 4; lastKnownFileType = sourcecode.c.h; path = PlaybackViewController.h; sourceTree = "<group>"; };
		A29F58D71C08A2AA00233ADA /* PlaybackViewController.m */ = {isa = PBXFileReference; fileEncoding = 4; lastKnownFileType = sourcecode.c.objc; path = PlaybackViewController.m; sourceTree = "<group>"; };
		A29F58D91C08A59800233ADA /* Assets.xcassets */ = {isa = PBXFileReference; lastKnownFileType = folder.assetcatalog; path = Assets.xcassets; sourceTree = "<group>"; };
		A29F58DB1C08B6D500233ADA /* TwitterIconImageView.h */ = {isa = PBXFileReference; fileEncoding = 4; lastKnownFileType = sourcecode.c.h; path = TwitterIconImageView.h; sourceTree = "<group>"; };
		A29F58DC1C08B6D500233ADA /* TwitterIconImageView.m */ = {isa = PBXFileReference; fileEncoding = 4; lastKnownFileType = sourcecode.c.objc; path = TwitterIconImageView.m; sourceTree = "<group>"; };
		A29F58DF1C08B89B00233ADA /* UIImage+Ex.h */ = {isa = PBXFileReference; fileEncoding = 4; lastKnownFileType = sourcecode.c.h; path = "UIImage+Ex.h"; sourceTree = "<group>"; };
		A29F58E01C08B89B00233ADA /* UIImage+Ex.m */ = {isa = PBXFileReference; fileEncoding = 4; lastKnownFileType = sourcecode.c.objc; path = "UIImage+Ex.m"; sourceTree = "<group>"; };
		A2B8C5DB1C097A170094F14C /* LEColorPicker.h */ = {isa = PBXFileReference; fileEncoding = 4; lastKnownFileType = sourcecode.c.h; path = LEColorPicker.h; sourceTree = "<group>"; };
		A2B8C5DC1C097A170094F14C /* LEColorPicker.m */ = {isa = PBXFileReference; fileEncoding = 4; lastKnownFileType = sourcecode.c.objc; path = LEColorPicker.m; sourceTree = "<group>"; };
		A2B8C5DD1C097A170094F14C /* UIColor+YUVSpace.h */ = {isa = PBXFileReference; fileEncoding = 4; lastKnownFileType = sourcecode.c.h; path = "UIColor+YUVSpace.h"; sourceTree = "<group>"; };
		A2B8C5DE1C097A170094F14C /* UIColor+YUVSpace.m */ = {isa = PBXFileReference; fileEncoding = 4; lastKnownFileType = sourcecode.c.objc; path = "UIColor+YUVSpace.m"; sourceTree = "<group>"; };
		A2B8C5E11C097AEC0094F14C /* MusicOperationView.h */ = {isa = PBXFileReference; fileEncoding = 4; lastKnownFileType = sourcecode.c.h; path = MusicOperationView.h; sourceTree = "<group>"; };
		A2B8C5E21C097AEC0094F14C /* MusicOperationView.m */ = {isa = PBXFileReference; fileEncoding = 4; lastKnownFileType = sourcecode.c.objc; path = MusicOperationView.m; sourceTree = "<group>"; };
		A2B8C5E41C0980CD0094F14C /* ModelLocator.h */ = {isa = PBXFileReference; fileEncoding = 4; lastKnownFileType = sourcecode.c.h; path = ModelLocator.h; sourceTree = "<group>"; };
		A2B8C5E51C0980CD0094F14C /* ModelLocator.m */ = {isa = PBXFileReference; fileEncoding = 4; lastKnownFileType = sourcecode.c.objc; path = ModelLocator.m; sourceTree = "<group>"; };
		A2B8C5E91C0981C00094F14C /* PlaybackViewModel.h */ = {isa = PBXFileReference; fileEncoding = 4; lastKnownFileType = sourcecode.c.h; path = PlaybackViewModel.h; sourceTree = "<group>"; };
		A2B8C5EA1C0981C00094F14C /* PlaybackViewModel.m */ = {isa = PBXFileReference; fileEncoding = 4; lastKnownFileType = sourcecode.c.objc; path = PlaybackViewModel.m; sourceTree = "<group>"; };
		A2B8C5EC1C0982780094F14C /* MediaPlayer.framework */ = {isa = PBXFileReference; lastKnownFileType = wrapper.framework; name = MediaPlayer.framework; path = System/Library/Frameworks/MediaPlayer.framework; sourceTree = SDKROOT; };
		A2B8C5EE1C0984940094F14C /* MusicDataEntity.h */ = {isa = PBXFileReference; fileEncoding = 4; lastKnownFileType = sourcecode.c.h; path = MusicDataEntity.h; sourceTree = "<group>"; };
		A2B8C5EF1C0984940094F14C /* MusicDataEntity.m */ = {isa = PBXFileReference; fileEncoding = 4; lastKnownFileType = sourcecode.c.objc; path = MusicDataEntity.m; sourceTree = "<group>"; };
		A2B8C5F11C098D240094F14C /* ArtworkAndTwitterDataView.h */ = {isa = PBXFileReference; fileEncoding = 4; lastKnownFileType = sourcecode.c.h; path = ArtworkAndTwitterDataView.h; sourceTree = "<group>"; };
		A2B8C5F21C098D240094F14C /* ArtworkAndTwitterDataView.m */ = {isa = PBXFileReference; fileEncoding = 4; lastKnownFileType = sourcecode.c.objc; path = ArtworkAndTwitterDataView.m; sourceTree = "<group>"; };
/* End PBXFileReference section */

/* Begin PBXFrameworksBuildPhase section */
		A29F58AE1C08A18300233ADA /* Frameworks */ = {
			isa = PBXFrameworksBuildPhase;
			buildActionMask = 2147483647;
			files = (
				A248A3C81C09CB88007621DA /* Accounts.framework in Frameworks */,
				A248A3C21C09C634007621DA /* Social.framework in Frameworks */,
				A2B8C5ED1C0982780094F14C /* MediaPlayer.framework in Frameworks */,
			);
			runOnlyForDeploymentPostprocessing = 0;
		};
/* End PBXFrameworksBuildPhase section */

/* Begin PBXGroup section */
		A248A3C31C09C9C5007621DA /* API */ = {
			isa = PBXGroup;
			children = (
				A248A3F81C09CEFC007621DA /* TwitterAPI.h */,
				A248A3F91C09CEFC007621DA /* TwitterAPI.m */,
			);
			path = API;
			sourceTree = "<group>";
		};
		A248A3FD1C09D01C007621DA /* STTwitter */ = {
			isa = PBXGroup;
			children = (
				A248A3FE1C09D01C007621DA /* NSDateFormatter+STTwitter.h */,
				A248A3FF1C09D01C007621DA /* NSDateFormatter+STTwitter.m */,
				A248A4001C09D01C007621DA /* NSError+STTwitter.h */,
				A248A4011C09D01C007621DA /* NSError+STTwitter.m */,
				A248A4021C09D01C007621DA /* NSString+STTwitter.h */,
				A248A4031C09D01C007621DA /* NSString+STTwitter.m */,
				A248A4041C09D01C007621DA /* STHTTPRequest+STTwitter.h */,
				A248A4051C09D01C007621DA /* STHTTPRequest+STTwitter.m */,
				A248A4061C09D01C007621DA /* STTwitter.h */,
				A248A4071C09D01C007621DA /* STTwitterAPI.h */,
				A248A4081C09D01C007621DA /* STTwitterAPI.m */,
				A248A4091C09D01C007621DA /* STTwitterAppOnly.h */,
				A248A40A1C09D01C007621DA /* STTwitterAppOnly.m */,
				A248A40B1C09D01C007621DA /* STTwitterHTML.h */,
				A248A40C1C09D01C007621DA /* STTwitterHTML.m */,
				A248A40D1C09D01C007621DA /* STTwitterOAuth.h */,
				A248A40E1C09D01C007621DA /* STTwitterOAuth.m */,
				A248A40F1C09D01C007621DA /* STTwitterOS.h */,
				A248A4101C09D01C007621DA /* STTwitterOS.m */,
				A248A4111C09D01C007621DA /* STTwitterOSRequest.h */,
				A248A4121C09D01C007621DA /* STTwitterOSRequest.m */,
				A248A4131C09D01C007621DA /* STTwitterProtocol.h */,
				A248A4141C09D01C007621DA /* STTwitterRequestProtocol.h */,
				A248A4151C09D01C007621DA /* STTwitterStreamParser.h */,
				A248A4161C09D01C007621DA /* STTwitterStreamParser.m */,
				A248A4171C09D01C007621DA /* Vendor */,
			);
			path = STTwitter;
			sourceTree = "<group>";
		};
		A248A4171C09D01C007621DA /* Vendor */ = {
			isa = PBXGroup;
			children = (
				A248A4181C09D01C007621DA /* BAVPlistNode.h */,
				A248A4191C09D01C007621DA /* BAVPlistNode.m */,
				A248A41A1C09D01C007621DA /* JSONSyntaxHighlight.h */,
				A248A41B1C09D01C007621DA /* JSONSyntaxHighlight.m */,
				A248A41C1C09D01C007621DA /* STHTTPRequest.h */,
				A248A41D1C09D01C007621DA /* STHTTPRequest.m */,
			);
			path = Vendor;
			sourceTree = "<group>";
		};
		A29F58A81C08A18300233ADA = {
			isa = PBXGroup;
			children = (
				A248A3C71C09CB88007621DA /* Accounts.framework */,
				A248A3C11C09C634007621DA /* Social.framework */,
				A2B8C5EC1C0982780094F14C /* MediaPlayer.framework */,
				A29F58B31C08A18300233ADA /* EasyNowPlaying */,
				A29F58B21C08A18300233ADA /* Products */,
			);
			sourceTree = "<group>";
		};
		A29F58B21C08A18300233ADA /* Products */ = {
			isa = PBXGroup;
			children = (
				A29F58B11C08A18300233ADA /* EasyNowPlaying.app */,
			);
			name = Products;
			sourceTree = "<group>";
		};
		A29F58B31C08A18300233ADA /* EasyNowPlaying */ = {
			isa = PBXGroup;
			children = (
				A29F58CB1C08A20100233ADA /* Application */,
				A29F58D01C08A20100233ADA /* Model */,
				A29F58D21C08A20100233ADA /* View */,
				A29F58CE1C08A20100233ADA /* Controller */,
				A248A3C31C09C9C5007621DA /* API */,
				A29F58CF1C08A20100233ADA /* Library */,
				A29F58D11C08A20100233ADA /* Utility */,
				A29F58DE1C08B7F100233ADA /* Category */,
				A29F58D41C08A21B00233ADA /* Storyboard */,
				A29F58D51C08A26600233ADA /* Resource */,
				A29F58B41C08A18300233ADA /* Supporting Files */,
			);
			path = EasyNowPlaying;
			sourceTree = "<group>";
		};
		A29F58B41C08A18300233ADA /* Supporting Files */ = {
			isa = PBXGroup;
			children = (
				A29F58B51C08A18300233ADA /* main.m */,
			);
			name = "Supporting Files";
			sourceTree = "<group>";
		};
		A29F58CB1C08A20100233ADA /* Application */ = {
			isa = PBXGroup;
			children = (
				A29F58C51C08A18300233ADA /* Info.plist */,
				A29F58CC1C08A20100233ADA /* AppDelegate.h */,
				A29F58CD1C08A20100233ADA /* AppDelegate.m */,
			);
			path = Application;
			sourceTree = "<group>";
		};
		A29F58CE1C08A20100233ADA /* Controller */ = {
			isa = PBXGroup;
			children = (
				A29F58D61C08A2AA00233ADA /* PlaybackViewController.h */,
				A29F58D71C08A2AA00233ADA /* PlaybackViewController.m */,
			);
			path = Controller;
			sourceTree = "<group>";
		};
		A29F58CF1C08A20100233ADA /* Library */ = {
			isa = PBXGroup;
			children = (
				A248A3FD1C09D01C007621DA /* STTwitter */,
				A2B8C5DA1C097A160094F14C /* LEColorPicker */,
			);
			path = Library;
			sourceTree = "<group>";
		};
		A29F58D01C08A20100233ADA /* Model */ = {
			isa = PBXGroup;
			children = (
				A2B8C5E41C0980CD0094F14C /* ModelLocator.h */,
				A2B8C5E51C0980CD0094F14C /* ModelLocator.m */,
				A2B8C5E71C0981780094F14C /* PlaybackViewModel */,
			);
			path = Model;
			sourceTree = "<group>";
		};
		A29F58D11C08A20100233ADA /* Utility */ = {
			isa = PBXGroup;
			children = (
			);
			path = Utility;
			sourceTree = "<group>";
		};
		A29F58D21C08A20100233ADA /* View */ = {
			isa = PBXGroup;
			children = (
				A2B8C5F11C098D240094F14C /* ArtworkAndTwitterDataView.h */,
				A2B8C5F21C098D240094F14C /* ArtworkAndTwitterDataView.m */,
				A29F58DB1C08B6D500233ADA /* TwitterIconImageView.h */,
				A29F58DC1C08B6D500233ADA /* TwitterIconImageView.m */,
				A2B8C5E11C097AEC0094F14C /* MusicOperationView.h */,
				A2B8C5E21C097AEC0094F14C /* MusicOperationView.m */,
			);
			path = View;
			sourceTree = "<group>";
		};
		A29F58D41C08A21B00233ADA /* Storyboard */ = {
			isa = PBXGroup;
			children = (
				A29F58BD1C08A18300233ADA /* Main.storyboard */,
				A29F58C21C08A18300233ADA /* LaunchScreen.storyboard */,
			);
			path = Storyboard;
			sourceTree = "<group>";
		};
		A29F58D51C08A26600233ADA /* Resource */ = {
			isa = PBXGroup;
			children = (
				A29F58D91C08A59800233ADA /* Assets.xcassets */,
			);
			path = Resource;
			sourceTree = "<group>";
		};
		A29F58DE1C08B7F100233ADA /* Category */ = {
			isa = PBXGroup;
			children = (
				A29F58DF1C08B89B00233ADA /* UIImage+Ex.h */,
				A29F58E01C08B89B00233ADA /* UIImage+Ex.m */,
			);
			path = Category;
			sourceTree = "<group>";
		};
		A2B8C5DA1C097A160094F14C /* LEColorPicker */ = {
			isa = PBXGroup;
			children = (
				A2B8C5DB1C097A170094F14C /* LEColorPicker.h */,
				A2B8C5DC1C097A170094F14C /* LEColorPicker.m */,
				A2B8C5DD1C097A170094F14C /* UIColor+YUVSpace.h */,
				A2B8C5DE1C097A170094F14C /* UIColor+YUVSpace.m */,
			);
			path = LEColorPicker;
			sourceTree = "<group>";
		};
		A2B8C5E71C0981780094F14C /* PlaybackViewModel */ = {
			isa = PBXGroup;
			children = (
				A2B8C5E91C0981C00094F14C /* PlaybackViewModel.h */,
				A2B8C5EA1C0981C00094F14C /* PlaybackViewModel.m */,
				A2B8C5E81C0981780094F14C /* MusicDataEntity */,
			);
			path = PlaybackViewModel;
			sourceTree = "<group>";
		};
		A2B8C5E81C0981780094F14C /* MusicDataEntity */ = {
			isa = PBXGroup;
			children = (
				A2B8C5EE1C0984940094F14C /* MusicDataEntity.h */,
				A2B8C5EF1C0984940094F14C /* MusicDataEntity.m */,
			);
			path = MusicDataEntity;
			sourceTree = "<group>";
		};
/* End PBXGroup section */

/* Begin PBXNativeTarget section */
		A29F58B01C08A18300233ADA /* EasyNowPlaying */ = {
			isa = PBXNativeTarget;
			buildConfigurationList = A29F58C81C08A18300233ADA /* Build configuration list for PBXNativeTarget "EasyNowPlaying" */;
			buildPhases = (
				A29F58AD1C08A18300233ADA /* Sources */,
				A29F58AE1C08A18300233ADA /* Frameworks */,
				A29F58AF1C08A18300233ADA /* Resources */,
			);
			buildRules = (
			);
			dependencies = (
			);
			name = EasyNowPlaying;
			productName = EasyNowPlaying;
			productReference = A29F58B11C08A18300233ADA /* EasyNowPlaying.app */;
			productType = "com.apple.product-type.application";
		};
/* End PBXNativeTarget section */

/* Begin PBXProject section */
		A29F58A91C08A18300233ADA /* Project object */ = {
			isa = PBXProject;
			attributes = {
				LastUpgradeCheck = 0700;
				ORGANIZATIONNAME = "inaba masaya";
				TargetAttributes = {
					A29F58B01C08A18300233ADA = {
						CreatedOnToolsVersion = 7.0.1;
					};
				};
			};
			buildConfigurationList = A29F58AC1C08A18300233ADA /* Build configuration list for PBXProject "EasyNowPlaying" */;
			compatibilityVersion = "Xcode 3.2";
			developmentRegion = English;
			hasScannedForEncodings = 0;
			knownRegions = (
				en,
				Base,
			);
			mainGroup = A29F58A81C08A18300233ADA;
			productRefGroup = A29F58B21C08A18300233ADA /* Products */;
			projectDirPath = "";
			projectRoot = "";
			targets = (
				A29F58B01C08A18300233ADA /* EasyNowPlaying */,
			);
		};
/* End PBXProject section */

/* Begin PBXResourcesBuildPhase section */
		A29F58AF1C08A18300233ADA /* Resources */ = {
			isa = PBXResourcesBuildPhase;
			buildActionMask = 2147483647;
			files = (
				A29F58C41C08A18300233ADA /* LaunchScreen.storyboard in Resources */,
				A29F58DA1C08A59800233ADA /* Assets.xcassets in Resources */,
				A29F58BF1C08A18300233ADA /* Main.storyboard in Resources */,
			);
			runOnlyForDeploymentPostprocessing = 0;
		};
/* End PBXResourcesBuildPhase section */

/* Begin PBXSourcesBuildPhase section */
		A29F58AD1C08A18300233ADA /* Sources */ = {
			isa = PBXSourcesBuildPhase;
			buildActionMask = 2147483647;
			files = (
				A248A4251C09D01C007621DA /* STTwitterOAuth.m in Sources */,
				A248A4291C09D01C007621DA /* BAVPlistNode.m in Sources */,
				A248A41F1C09D01C007621DA /* NSError+STTwitter.m in Sources */,
				A248A4221C09D01C007621DA /* STTwitterAPI.m in Sources */,
				A2B8C5E61C0980CD0094F14C /* ModelLocator.m in Sources */,
				A2B8C5E01C097A170094F14C /* UIColor+YUVSpace.m in Sources */,
				A248A4281C09D01C007621DA /* STTwitterStreamParser.m in Sources */,
				A2B8C5DF1C097A170094F14C /* LEColorPicker.m in Sources */,
				A2B8C5F31C098D240094F14C /* ArtworkAndTwitterDataView.m in Sources */,
				A29F58E11C08B89B00233ADA /* UIImage+Ex.m in Sources */,
				A29F58D31C08A20100233ADA /* AppDelegate.m in Sources */,
				A248A3FA1C09CEFC007621DA /* TwitterAPI.m in Sources */,
				A248A42B1C09D01C007621DA /* STHTTPRequest.m in Sources */,
				A2B8C5F01C0984940094F14C /* MusicDataEntity.m in Sources */,
				A248A4211C09D01C007621DA /* STHTTPRequest+STTwitter.m in Sources */,
				A2B8C5EB1C0981C00094F14C /* PlaybackViewModel.m in Sources */,
				A248A4231C09D01C007621DA /* STTwitterAppOnly.m in Sources */,
				A248A4271C09D01C007621DA /* STTwitterOSRequest.m in Sources */,
				A2B8C5E31C097AEC0094F14C /* MusicOperationView.m in Sources */,
				A248A41E1C09D01C007621DA /* NSDateFormatter+STTwitter.m in Sources */,
				A248A4261C09D01C007621DA /* STTwitterOS.m in Sources */,
				A248A4201C09D01C007621DA /* NSString+STTwitter.m in Sources */,
				A29F58B61C08A18300233ADA /* main.m in Sources */,
				A248A4241C09D01C007621DA /* STTwitterHTML.m in Sources */,
				A29F58D81C08A2AA00233ADA /* PlaybackViewController.m in Sources */,
				A29F58DD1C08B6D500233ADA /* TwitterIconImageView.m in Sources */,
				A248A42A1C09D01C007621DA /* JSONSyntaxHighlight.m in Sources */,
			);
			runOnlyForDeploymentPostprocessing = 0;
		};
/* End PBXSourcesBuildPhase section */

/* Begin PBXVariantGroup section */
		A29F58BD1C08A18300233ADA /* Main.storyboard */ = {
			isa = PBXVariantGroup;
			children = (
				A29F58BE1C08A18300233ADA /* Base */,
			);
			name = Main.storyboard;
			path = ..;
			sourceTree = "<group>";
		};
		A29F58C21C08A18300233ADA /* LaunchScreen.storyboard */ = {
			isa = PBXVariantGroup;
			children = (
				A29F58C31C08A18300233ADA /* Base */,
			);
			name = LaunchScreen.storyboard;
			path = ..;
			sourceTree = "<group>";
		};
/* End PBXVariantGroup section */

/* Begin XCBuildConfiguration section */
		A29F58C61C08A18300233ADA /* Debug */ = {
			isa = XCBuildConfiguration;
			buildSettings = {
				ALWAYS_SEARCH_USER_PATHS = NO;
				CLANG_CXX_LANGUAGE_STANDARD = "gnu++0x";
				CLANG_CXX_LIBRARY = "libc++";
				CLANG_ENABLE_MODULES = YES;
				CLANG_ENABLE_OBJC_ARC = YES;
				CLANG_WARN_BOOL_CONVERSION = YES;
				CLANG_WARN_CONSTANT_CONVERSION = YES;
				CLANG_WARN_DIRECT_OBJC_ISA_USAGE = YES_ERROR;
				CLANG_WARN_EMPTY_BODY = YES;
				CLANG_WARN_ENUM_CONVERSION = YES;
				CLANG_WARN_INT_CONVERSION = YES;
				CLANG_WARN_OBJC_ROOT_CLASS = YES_ERROR;
				CLANG_WARN_UNREACHABLE_CODE = YES;
				CLANG_WARN__DUPLICATE_METHOD_MATCH = YES;
				CODE_SIGN_IDENTITY = "iPhone Developer";
				"CODE_SIGN_IDENTITY[sdk=iphoneos*]" = "iPhone Developer";
				COPY_PHASE_STRIP = NO;
				DEBUG_INFORMATION_FORMAT = dwarf;
				ENABLE_STRICT_OBJC_MSGSEND = YES;
				ENABLE_TESTABILITY = YES;
				GCC_C_LANGUAGE_STANDARD = gnu99;
				GCC_DYNAMIC_NO_PIC = NO;
				GCC_NO_COMMON_BLOCKS = YES;
				GCC_OPTIMIZATION_LEVEL = 0;
				GCC_PREPROCESSOR_DEFINITIONS = (
					"DEBUG=1",
					"$(inherited)",
				);
				GCC_WARN_64_TO_32_BIT_CONVERSION = YES;
				GCC_WARN_ABOUT_RETURN_TYPE = YES_ERROR;
				GCC_WARN_UNDECLARED_SELECTOR = YES;
				GCC_WARN_UNINITIALIZED_AUTOS = YES_AGGRESSIVE;
				GCC_WARN_UNUSED_FUNCTION = YES;
				GCC_WARN_UNUSED_VARIABLE = YES;
				IPHONEOS_DEPLOYMENT_TARGET = 9.0;
				MTL_ENABLE_DEBUG_INFO = YES;
				ONLY_ACTIVE_ARCH = YES;
				SDKROOT = iphoneos;
			};
			name = Debug;
		};
		A29F58C71C08A18300233ADA /* Release */ = {
			isa = XCBuildConfiguration;
			buildSettings = {
				ALWAYS_SEARCH_USER_PATHS = NO;
				CLANG_CXX_LANGUAGE_STANDARD = "gnu++0x";
				CLANG_CXX_LIBRARY = "libc++";
				CLANG_ENABLE_MODULES = YES;
				CLANG_ENABLE_OBJC_ARC = YES;
				CLANG_WARN_BOOL_CONVERSION = YES;
				CLANG_WARN_CONSTANT_CONVERSION = YES;
				CLANG_WARN_DIRECT_OBJC_ISA_USAGE = YES_ERROR;
				CLANG_WARN_EMPTY_BODY = YES;
				CLANG_WARN_ENUM_CONVERSION = YES;
				CLANG_WARN_INT_CONVERSION = YES;
				CLANG_WARN_OBJC_ROOT_CLASS = YES_ERROR;
				CLANG_WARN_UNREACHABLE_CODE = YES;
				CLANG_WARN__DUPLICATE_METHOD_MATCH = YES;
				CODE_SIGN_IDENTITY = "iPhone Developer";
				"CODE_SIGN_IDENTITY[sdk=iphoneos*]" = "iPhone Developer";
				COPY_PHASE_STRIP = NO;
				DEBUG_INFORMATION_FORMAT = "dwarf-with-dsym";
				ENABLE_NS_ASSERTIONS = NO;
				ENABLE_STRICT_OBJC_MSGSEND = YES;
				GCC_C_LANGUAGE_STANDARD = gnu99;
				GCC_NO_COMMON_BLOCKS = YES;
				GCC_WARN_64_TO_32_BIT_CONVERSION = YES;
				GCC_WARN_ABOUT_RETURN_TYPE = YES_ERROR;
				GCC_WARN_UNDECLARED_SELECTOR = YES;
				GCC_WARN_UNINITIALIZED_AUTOS = YES_AGGRESSIVE;
				GCC_WARN_UNUSED_FUNCTION = YES;
				GCC_WARN_UNUSED_VARIABLE = YES;
				IPHONEOS_DEPLOYMENT_TARGET = 9.0;
				MTL_ENABLE_DEBUG_INFO = NO;
				SDKROOT = iphoneos;
				VALIDATE_PRODUCT = YES;
			};
			name = Release;
		};
		A29F58C91C08A18300233ADA /* Debug */ = {
			isa = XCBuildConfiguration;
			buildSettings = {
				ASSETCATALOG_COMPILER_APPICON_NAME = AppIcon;
				CODE_SIGN_IDENTITY = "iPhone Developer";
				INFOPLIST_FILE = EasyNowPlaying/Info.plist;
				LD_RUNPATH_SEARCH_PATHS = "$(inherited) @executable_path/Frameworks";
				PRODUCT_BUNDLE_IDENTIFIER = masaya.inaba.EasyNowPlaying;
				PRODUCT_NAME = "$(TARGET_NAME)";
			};
			name = Debug;
		};
		A29F58CA1C08A18300233ADA /* Release */ = {
			isa = XCBuildConfiguration;
			buildSettings = {
				ASSETCATALOG_COMPILER_APPICON_NAME = AppIcon;
				CODE_SIGN_IDENTITY = "iPhone Developer";
				INFOPLIST_FILE = EasyNowPlaying/Info.plist;
				LD_RUNPATH_SEARCH_PATHS = "$(inherited) @executable_path/Frameworks";
				PRODUCT_BUNDLE_IDENTIFIER = masaya.inaba.EasyNowPlaying;
				PRODUCT_NAME = "$(TARGET_NAME)";
			};
			name = Release;
		};
/* End XCBuildConfiguration section */

/* Begin XCConfigurationList section */
		A29F58AC1C08A18300233ADA /* Build configuration list for PBXProject "EasyNowPlaying" */ = {
			isa = XCConfigurationList;
			buildConfigurations = (
				A29F58C61C08A18300233ADA /* Debug */,
				A29F58C71C08A18300233ADA /* Release */,
			);
			defaultConfigurationIsVisible = 0;
			defaultConfigurationName = Release;
		};
		A29F58C81C08A18300233ADA /* Build configuration list for PBXNativeTarget "EasyNowPlaying" */ = {
			isa = XCConfigurationList;
			buildConfigurations = (
				A29F58C91C08A18300233ADA /* Debug */,
				A29F58CA1C08A18300233ADA /* Release */,
			);
			defaultConfigurationIsVisible = 0;
			defaultConfigurationName = Release;
		};
/* End XCConfigurationList section */
	};
	rootObject = A29F58A91C08A18300233ADA /* Project object */;
}
